
Microsoft Visual Studio Solution File, Format Version 12.00
# Visual Studio 15
VisualStudioVersion = 15.0.28307.271
MinimumVisualStudioVersion = 10.0.40219.1
Project("{FAE04EC0-301F-11D3-BF4B-00C04F79EFBC}") = "OLLTrainer.Android", "OLLTrainer\OLLTrainer.Android\OLLTrainer.Android.csproj", "{55A88B85-B508-4E39-A7DC-AD2501E072D7}"
EndProject
Project("{FAE04EC0-301F-11D3-BF4B-00C04F79EFBC}") = "OLLTrainer.iOS", "OLLTrainer\OLLTrainer.iOS\OLLTrainer.iOS.csproj", "{CB5FFF99-2EBA-4204-A2CA-1B7C5714314C}"
EndProject
Project("{FAE04EC0-301F-11D3-BF4B-00C04F79EFBC}") = "OLLTrainer.UWP", "OLLTrainer\OLLTrainer.UWP\OLLTrainer.UWP.csproj", "{C4813E56-379F-4C81-BB7E-1D6D1E30276D}"
EndProject
Project("{FAE04EC0-301F-11D3-BF4B-00C04F79EFBC}") = "OLLTrainer", "OLLTrainer\OLLTrainer\OLLTrainer.csproj", "{78EDBAD8-C479-497F-A39B-F8130E4FA48A}"
EndProject
Global
	GlobalSection(SolutionConfigurationPlatforms) = preSolution
		Ad-Hoc|Any CPU = Ad-Hoc|Any CPU
		Ad-Hoc|ARM = Ad-Hoc|ARM
		Ad-Hoc|iPhone = Ad-Hoc|iPhone
		Ad-Hoc|iPhoneSimulator = Ad-Hoc|iPhoneSimulator
		Ad-Hoc|x64 = Ad-Hoc|x64
		Ad-Hoc|x86 = Ad-Hoc|x86
		AppStore|Any CPU = AppStore|Any CPU
		AppStore|ARM = AppStore|ARM
		AppStore|iPhone = AppStore|iPhone
		AppStore|iPhoneSimulator = AppStore|iPhoneSimulator
		AppStore|x64 = AppStore|x64
		AppStore|x86 = AppStore|x86
		Debug|Any CPU = Debug|Any CPU
		Debug|ARM = Debug|ARM
		Debug|iPhone = Debug|iPhone
		Debug|iPhoneSimulator = Debug|iPhoneSimulator
		Debug|x64 = Debug|x64
		Debug|x86 = Debug|x86
		Release|Any CPU = Release|Any CPU
		Release|ARM = Release|ARM
		Release|iPhone = Release|iPhone
		Release|iPhoneSimulator = Release|iPhoneSimulator
		Release|x64 = Release|x64
		Release|x86 = Release|x86
	EndGlobalSection
	GlobalSection(ProjectConfigurationPlatforms) = postSolution
		{55A88B85-B508-4E39-A7DC-AD2501E072D7}.Ad-Hoc|Any CPU.ActiveCfg = Release|Any CPU
		{55A88B85-B508-4E39-A7DC-AD2501E072D7}.Ad-Hoc|Any CPU.Build.0 = Release|Any CPU
		{55A88B85-B508-4E39-A7DC-AD2501E072D7}.Ad-Hoc|Any CPU.Deploy.0 = Release|Any CPU
		{55A88B85-B508-4E39-A7DC-AD2501E072D7}.Ad-Hoc|ARM.ActiveCfg = Release|Any CPU
		{55A88B85-B508-4E39-A7DC-AD2501E072D7}.Ad-Hoc|ARM.Build.0 = Release|Any CPU
		{55A88B85-B508-4E39-A7DC-AD2501E072D7}.Ad-Hoc|ARM.Deploy.0 = Release|Any CPU
		{55A88B85-B508-4E39-A7DC-AD2501E072D7}.Ad-Hoc|iPhone.ActiveCfg = Release|Any CPU
		{55A88B85-B508-4E39-A7DC-AD2501E072D7}.Ad-Hoc|iPhone.Build.0 = Release|Any CPU
		{55A88B85-B508-4E39-A7DC-AD2501E072D7}.Ad-Hoc|iPhone.Deploy.0 = Release|Any CPU
		{55A88B85-B508-4E39-A7DC-AD2501E072D7}.Ad-Hoc|iPhoneSimulator.ActiveCfg = Release|Any CPU
		{55A88B85-B508-4E39-A7DC-AD2501E072D7}.Ad-Hoc|iPhoneSimulator.Build.0 = Release|Any CPU
		{55A88B85-B508-4E39-A7DC-AD2501E072D7}.Ad-Hoc|iPhoneSimulator.Deploy.0 = Release|Any CPU
		{55A88B85-B508-4E39-A7DC-AD2501E072D7}.Ad-Hoc|x64.ActiveCfg = Release|Any CPU
		{55A88B85-B508-4E39-A7DC-AD2501E072D7}.Ad-Hoc|x64.Build.0 = Release|Any CPU
		{55A88B85-B508-4E39-A7DC-AD2501E072D7}.Ad-Hoc|x64.Deploy.0 = Release|Any CPU
		{55A88B85-B508-4E39-A7DC-AD2501E072D7}.Ad-Hoc|x86.ActiveCfg = Release|Any CPU
		{55A88B85-B508-4E39-A7DC-AD2501E072D7}.Ad-Hoc|x86.Build.0 = Release|Any CPU
		{55A88B85-B508-4E39-A7DC-AD2501E072D7}.Ad-Hoc|x86.Deploy.0 = Release|Any CPU
		{55A88B85-B508-4E39-A7DC-AD2501E072D7}.AppStore|Any CPU.ActiveCfg = Release|Any CPU
		{55A88B85-B508-4E39-A7DC-AD2501E072D7}.AppStore|Any CPU.Build.0 = Release|Any CPU
		{55A88B85-B508-4E39-A7DC-AD2501E072D7}.AppStore|Any CPU.Deploy.0 = Release|Any CPU
		{55A88B85-B508-4E39-A7DC-AD2501E072D7}.AppStore|ARM.ActiveCfg = Release|Any CPU
		{55A88B85-B508-4E39-A7DC-AD2501E072D7}.AppStore|ARM.Build.0 = Release|Any CPU
		{55A88B85-B508-4E39-A7DC-AD2501E072D7}.AppStore|ARM.Deploy.0 = Release|Any CPU
		{55A88B85-B508-4E39-A7DC-AD2501E072D7}.AppStore|iPhone.ActiveCfg = Release|Any CPU
		{55A88B85-B508-4E39-A7DC-AD2501E072D7}.AppStore|iPhone.Build.0 = Release|Any CPU
		{55A88B85-B508-4E39-A7DC-AD2501E072D7}.AppStore|iPhone.Deploy.0 = Release|Any CPU
		{55A88B85-B508-4E39-A7DC-AD2501E072D7}.AppStore|iPhoneSimulator.ActiveCfg = Release|Any CPU
		{55A88B85-B508-4E39-A7DC-AD2501E072D7}.AppStore|iPhoneSimulator.Build.0 = Release|Any CPU
		{55A88B85-B508-4E39-A7DC-AD2501E072D7}.AppStore|iPhoneSimulator.Deploy.0 = Release|Any CPU
		{55A88B85-B508-4E39-A7DC-AD2501E072D7}.AppStore|x64.ActiveCfg = Release|Any CPU
		{55A88B85-B508-4E39-A7DC-AD2501E072D7}.AppStore|x64.Build.0 = Release|Any CPU
		{55A88B85-B508-4E39-A7DC-AD2501E072D7}.AppStore|x64.Deploy.0 = Release|Any CPU
		{55A88B85-B508-4E39-A7DC-AD2501E072D7}.AppStore|x86.ActiveCfg = Release|Any CPU
		{55A88B85-B508-4E39-A7DC-AD2501E072D7}.AppStore|x86.Build.0 = Release|Any CPU
		{55A88B85-B508-4E39-A7DC-AD2501E072D7}.AppStore|x86.Deploy.0 = Release|Any CPU
		{55A88B85-B508-4E39-A7DC-AD2501E072D7}.Debug|Any CPU.ActiveCfg = Debug|Any CPU
		{55A88B85-B508-4E39-A7DC-AD2501E072D7}.Debug|Any CPU.Build.0 = Debug|Any CPU
		{55A88B85-B508-4E39-A7DC-AD2501E072D7}.Debug|Any CPU.Deploy.0 = Debug|Any CPU
		{55A88B85-B508-4E39-A7DC-AD2501E072D7}.Debug|ARM.ActiveCfg = Debug|Any CPU
		{55A88B85-B508-4E39-A7DC-AD2501E072D7}.Debug|ARM.Build.0 = Debug|Any CPU
		{55A88B85-B508-4E39-A7DC-AD2501E072D7}.Debug|ARM.Deploy.0 = Debug|Any CPU
		{55A88B85-B508-4E39-A7DC-AD2501E072D7}.Debug|iPhone.ActiveCfg = Debug|Any CPU
		{55A88B85-B508-4E39-A7DC-AD2501E072D7}.Debug|iPhone.Build.0 = Debug|Any CPU
		{55A88B85-B508-4E39-A7DC-AD2501E072D7}.Debug|iPhone.Deploy.0 = Debug|Any CPU
		{55A88B85-B508-4E39-A7DC-AD2501E072D7}.Debug|iPhoneSimulator.ActiveCfg = Debug|Any CPU
		{55A88B85-B508-4E39-A7DC-AD2501E072D7}.Debug|iPhoneSimulator.Build.0 = Debug|Any CPU
		{55A88B85-B508-4E39-A7DC-AD2501E072D7}.Debug|iPhoneSimulator.Deploy.0 = Debug|Any CPU
		{55A88B85-B508-4E39-A7DC-AD2501E072D7}.Debug|x64.ActiveCfg = Debug|Any CPU
		{55A88B85-B508-4E39-A7DC-AD2501E072D7}.Debug|x64.Build.0 = Debug|Any CPU
		{55A88B85-B508-4E39-A7DC-AD2501E072D7}.Debug|x64.Deploy.0 = Debug|Any CPU
		{55A88B85-B508-4E39-A7DC-AD2501E072D7}.Debug|x86.ActiveCfg = Debug|Any CPU
		{55A88B85-B508-4E39-A7DC-AD2501E072D7}.Debug|x86.Build.0 = Debug|Any CPU
		{55A88B85-B508-4E39-A7DC-AD2501E072D7}.Debug|x86.Deploy.0 = Debug|Any CPU
		{55A88B85-B508-4E39-A7DC-AD2501E072D7}.Release|Any CPU.ActiveCfg = Release|Any CPU
		{55A88B85-B508-4E39-A7DC-AD2501E072D7}.Release|Any CPU.Build.0 = Release|Any CPU
		{55A88B85-B508-4E39-A7DC-AD2501E072D7}.Release|Any CPU.Deploy.0 = Release|Any CPU
		{55A88B85-B508-4E39-A7DC-AD2501E072D7}.Release|ARM.ActiveCfg = Release|Any CPU
		{55A88B85-B508-4E39-A7DC-AD2501E072D7}.Release|ARM.Build.0 = Release|Any CPU
		{55A88B85-B508-4E39-A7DC-AD2501E072D7}.Release|ARM.Deploy.0 = Release|Any CPU
		{55A88B85-B508-4E39-A7DC-AD2501E072D7}.Release|iPhone.ActiveCfg = Release|Any CPU
		{55A88B85-B508-4E39-A7DC-AD2501E072D7}.Release|iPhone.Build.0 = Release|Any CPU
		{55A88B85-B508-4E39-A7DC-AD2501E072D7}.Release|iPhone.Deploy.0 = Release|Any CPU
		{55A88B85-B508-4E39-A7DC-AD2501E072D7}.Release|iPhoneSimulator.ActiveCfg = Release|Any CPU
		{55A88B85-B508-4E39-A7DC-AD2501E072D7}.Release|iPhoneSimulator.Build.0 = Release|Any CPU
		{55A88B85-B508-4E39-A7DC-AD2501E072D7}.Release|iPhoneSimulator.Deploy.0 = Release|Any CPU
		{55A88B85-B508-4E39-A7DC-AD2501E072D7}.Release|x64.ActiveCfg = Release|Any CPU
		{55A88B85-B508-4E39-A7DC-AD2501E072D7}.Release|x64.Build.0 = Release|Any CPU
		{55A88B85-B508-4E39-A7DC-AD2501E072D7}.Release|x64.Deploy.0 = Release|Any CPU
		{55A88B85-B508-4E39-A7DC-AD2501E072D7}.Release|x86.ActiveCfg = Release|Any CPU
		{55A88B85-B508-4E39-A7DC-AD2501E072D7}.Release|x86.Build.0 = Release|Any CPU
		{55A88B85-B508-4E39-A7DC-AD2501E072D7}.Release|x86.Deploy.0 = Release|Any CPU
		{CB5FFF99-2EBA-4204-A2CA-1B7C5714314C}.Ad-Hoc|Any CPU.ActiveCfg = Ad-Hoc|iPhone
		{CB5FFF99-2EBA-4204-A2CA-1B7C5714314C}.Ad-Hoc|Any CPU.Build.0 = Ad-Hoc|iPhone
		{CB5FFF99-2EBA-4204-A2CA-1B7C5714314C}.Ad-Hoc|Any CPU.Deploy.0 = Ad-Hoc|iPhone
		{CB5FFF99-2EBA-4204-A2CA-1B7C5714314C}.Ad-Hoc|ARM.ActiveCfg = Ad-Hoc|iPhone
		{CB5FFF99-2EBA-4204-A2CA-1B7C5714314C}.Ad-Hoc|ARM.Build.0 = Ad-Hoc|iPhone
		{CB5FFF99-2EBA-4204-A2CA-1B7C5714314C}.Ad-Hoc|ARM.Deploy.0 = Ad-Hoc|iPhone
		{CB5FFF99-2EBA-4204-A2CA-1B7C5714314C}.Ad-Hoc|iPhone.ActiveCfg = Ad-Hoc|iPhone
		{CB5FFF99-2EBA-4204-A2CA-1B7C5714314C}.Ad-Hoc|iPhone.Build.0 = Ad-Hoc|iPhone
		{CB5FFF99-2EBA-4204-A2CA-1B7C5714314C}.Ad-Hoc|iPhone.Deploy.0 = Ad-Hoc|iPhone
		{CB5FFF99-2EBA-4204-A2CA-1B7C5714314C}.Ad-Hoc|iPhoneSimulator.ActiveCfg = Ad-Hoc|iPhoneSimulator
		{CB5FFF99-2EBA-4204-A2CA-1B7C5714314C}.Ad-Hoc|iPhoneSimulator.Build.0 = Ad-Hoc|iPhoneSimulator
		{CB5FFF99-2EBA-4204-A2CA-1B7C5714314C}.Ad-Hoc|iPhoneSimulator.Deploy.0 = Ad-Hoc|iPhoneSimulator
		{CB5FFF99-2EBA-4204-A2CA-1B7C5714314C}.Ad-Hoc|x64.ActiveCfg = Ad-Hoc|iPhone
		{CB5FFF99-2EBA-4204-A2CA-1B7C5714314C}.Ad-Hoc|x64.Build.0 = Ad-Hoc|iPhone
		{CB5FFF99-2EBA-4204-A2CA-1B7C5714314C}.Ad-Hoc|x64.Deploy.0 = Ad-Hoc|iPhone
		{CB5FFF99-2EBA-4204-A2CA-1B7C5714314C}.Ad-Hoc|x86.ActiveCfg = Ad-Hoc|iPhone
		{CB5FFF99-2EBA-4204-A2CA-1B7C5714314C}.Ad-Hoc|x86.Build.0 = Ad-Hoc|iPhone
		{CB5FFF99-2EBA-4204-A2CA-1B7C5714314C}.Ad-Hoc|x86.Deploy.0 = Ad-Hoc|iPhone
		{CB5FFF99-2EBA-4204-A2CA-1B7C5714314C}.AppStore|Any CPU.ActiveCfg = AppStore|iPhone
		{CB5FFF99-2EBA-4204-A2CA-1B7C5714314C}.AppStore|Any CPU.Build.0 = AppStore|iPhone
		{CB5FFF99-2EBA-4204-A2CA-1B7C5714314C}.AppStore|Any CPU.Deploy.0 = AppStore|iPhone
		{CB5FFF99-2EBA-4204-A2CA-1B7C5714314C}.AppStore|ARM.ActiveCfg = AppStore|iPhone
		{CB5FFF99-2EBA-4204-A2CA-1B7C5714314C}.AppStore|ARM.Build.0 = AppStore|iPhone
		{CB5FFF99-2EBA-4204-A2CA-1B7C5714314C}.AppStore|ARM.Deploy.0 = AppStore|iPhone
		{CB5FFF99-2EBA-4204-A2CA-1B7C5714314C}.AppStore|iPhone.ActiveCfg = AppStore|iPhone
		{CB5FFF99-2EBA-4204-A2CA-1B7C5714314C}.AppStore|iPhone.Build.0 = AppStore|iPhone
		{CB5FFF99-2EBA-4204-A2CA-1B7C5714314C}.AppStore|iPhone.Deploy.0 = AppStore|iPhone
		{CB5FFF99-2EBA-4204-A2CA-1B7C5714314C}.AppStore|iPhoneSimulator.ActiveCfg = AppStore|iPhoneSimulator
		{CB5FFF99-2EBA-4204-A2CA-1B7C5714314C}.AppStore|iPhoneSimulator.Build.0 = AppStore|iPhoneSimulator
		{CB5FFF99-2EBA-4204-A2CA-1B7C5714314C}.AppStore|iPhoneSimulator.Deploy.0 = AppStore|iPhoneSimulator
		{CB5FFF99-2EBA-4204-A2CA-1B7C5714314C}.AppStore|x64.ActiveCfg = AppStore|iPhone
		{CB5FFF99-2EBA-4204-A2CA-1B7C5714314C}.AppStore|x64.Build.0 = AppStore|iPhone
		{CB5FFF99-2EBA-4204-A2CA-1B7C5714314C}.AppStore|x64.Deploy.0 = AppStore|iPhone
		{CB5FFF99-2EBA-4204-A2CA-1B7C5714314C}.AppStore|x86.ActiveCfg = AppStore|iPhone
		{CB5FFF99-2EBA-4204-A2CA-1B7C5714314C}.AppStore|x86.Build.0 = AppStore|iPhone
		{CB5FFF99-2EBA-4204-A2CA-1B7C5714314C}.AppStore|x86.Deploy.0 = AppStore|iPhone
		{CB5FFF99-2EBA-4204-A2CA-1B7C5714314C}.Debug|Any CPU.ActiveCfg = Debug|iPhoneSimulator
		{CB5FFF99-2EBA-4204-A2CA-1B7C5714314C}.Debug|Any CPU.Build.0 = Debug|iPhoneSimulator
		{CB5FFF99-2EBA-4204-A2CA-1B7C5714314C}.Debug|Any CPU.Deploy.0 = Debug|iPhoneSimulator
		{CB5FFF99-2EBA-4204-A2CA-1B7C5714314C}.Debug|ARM.ActiveCfg = Debug|iPhone
		{CB5FFF99-2EBA-4204-A2CA-1B7C5714314C}.Debug|ARM.Build.0 = Debug|iPhone
		{CB5FFF99-2EBA-4204-A2CA-1B7C5714314C}.Debug|ARM.Deploy.0 = Debug|iPhone
		{CB5FFF99-2EBA-4204-A2CA-1B7C5714314C}.Debug|iPhone.ActiveCfg = Debug|iPhone
		{CB5FFF99-2EBA-4204-A2CA-1B7C5714314C}.Debug|iPhone.Build.0 = Debug|iPhone
		{CB5FFF99-2EBA-4204-A2CA-1B7C5714314C}.Debug|iPhone.Deploy.0 = Debug|iPhone
		{CB5FFF99-2EBA-4204-A2CA-1B7C5714314C}.Debug|iPhoneSimulator.ActiveCfg = Debug|iPhoneSimulator
		{CB5FFF99-2EBA-4204-A2CA-1B7C5714314C}.Debug|iPhoneSimulator.Build.0 = Debug|iPhoneSimulator
		{CB5FFF99-2EBA-4204-A2CA-1B7C5714314C}.Debug|iPhoneSimulator.Deploy.0 = Debug|iPhoneSimulator
		{CB5FFF99-2EBA-4204-A2CA-1B7C5714314C}.Debug|x64.ActiveCfg = Debug|iPhone
		{CB5FFF99-2EBA-4204-A2CA-1B7C5714314C}.Debug|x64.Build.0 = Debug|iPhone
		{CB5FFF99-2EBA-4204-A2CA-1B7C5714314C}.Debug|x64.Deploy.0 = Debug|iPhone
		{CB5FFF99-2EBA-4204-A2CA-1B7C5714314C}.Debug|x86.ActiveCfg = Debug|iPhone
		{CB5FFF99-2EBA-4204-A2CA-1B7C5714314C}.Debug|x86.Build.0 = Debug|iPhone
		{CB5FFF99-2EBA-4204-A2CA-1B7C5714314C}.Debug|x86.Deploy.0 = Debug|iPhone
		{CB5FFF99-2EBA-4204-A2CA-1B7C5714314C}.Release|Any CPU.ActiveCfg = Release|iPhone
		{CB5FFF99-2EBA-4204-A2CA-1B7C5714314C}.Release|Any CPU.Build.0 = Release|iPhone
		{CB5FFF99-2EBA-4204-A2CA-1B7C5714314C}.Release|Any CPU.Deploy.0 = Release|iPhone
		{CB5FFF99-2EBA-4204-A2CA-1B7C5714314C}.Release|ARM.ActiveCfg = Release|iPhone
		{CB5FFF99-2EBA-4204-A2CA-1B7C5714314C}.Release|ARM.Build.0 = Release|iPhone
		{CB5FFF99-2EBA-4204-A2CA-1B7C5714314C}.Release|ARM.Deploy.0 = Release|iPhone
		{CB5FFF99-2EBA-4204-A2CA-1B7C5714314C}.Release|iPhone.ActiveCfg = Release|iPhone
		{CB5FFF99-2EBA-4204-A2CA-1B7C5714314C}.Release|iPhone.Build.0 = Release|iPhone
		{CB5FFF99-2EBA-4204-A2CA-1B7C5714314C}.Release|iPhone.Deploy.0 = Release|iPhone
		{CB5FFF99-2EBA-4204-A2CA-1B7C5714314C}.Release|iPhoneSimulator.ActiveCfg = Release|iPhoneSimulator
		{CB5FFF99-2EBA-4204-A2CA-1B7C5714314C}.Release|iPhoneSimulator.Build.0 = Release|iPhoneSimulator
		{CB5FFF99-2EBA-4204-A2CA-1B7C5714314C}.Release|iPhoneSimulator.Deploy.0 = Release|iPhoneSimulator
		{CB5FFF99-2EBA-4204-A2CA-1B7C5714314C}.Release|x64.ActiveCfg = Release|iPhone
		{CB5FFF99-2EBA-4204-A2CA-1B7C5714314C}.Release|x64.Build.0 = Release|iPhone
		{CB5FFF99-2EBA-4204-A2CA-1B7C5714314C}.Release|x64.Deploy.0 = Release|iPhone
		{CB5FFF99-2EBA-4204-A2CA-1B7C5714314C}.Release|x86.ActiveCfg = Release|iPhone
		{CB5FFF99-2EBA-4204-A2CA-1B7C5714314C}.Release|x86.Build.0 = Release|iPhone
		{CB5FFF99-2EBA-4204-A2CA-1B7C5714314C}.Release|x86.Deploy.0 = Release|iPhone
		{C4813E56-379F-4C81-BB7E-1D6D1E30276D}.Ad-Hoc|Any CPU.ActiveCfg = Release|x86
		{C4813E56-379F-4C81-BB7E-1D6D1E30276D}.Ad-Hoc|Any CPU.Build.0 = Release|x86
		{C4813E56-379F-4C81-BB7E-1D6D1E30276D}.Ad-Hoc|Any CPU.Deploy.0 = Release|x86
		{C4813E56-379F-4C81-BB7E-1D6D1E30276D}.Ad-Hoc|ARM.ActiveCfg = Release|ARM
		{C4813E56-379F-4C81-BB7E-1D6D1E30276D}.Ad-Hoc|ARM.Build.0 = Release|ARM
		{C4813E56-379F-4C81-BB7E-1D6D1E30276D}.Ad-Hoc|ARM.Deploy.0 = Release|ARM
		{C4813E56-379F-4C81-BB7E-1D6D1E30276D}.Ad-Hoc|iPhone.ActiveCfg = Release|x86
		{C4813E56-379F-4C81-BB7E-1D6D1E30276D}.Ad-Hoc|iPhone.Build.0 = Release|x86
		{C4813E56-379F-4C81-BB7E-1D6D1E30276D}.Ad-Hoc|iPhone.Deploy.0 = Release|x86
		{C4813E56-379F-4C81-BB7E-1D6D1E30276D}.Ad-Hoc|iPhoneSimulator.ActiveCfg = Release|x86
		{C4813E56-379F-4C81-BB7E-1D6D1E30276D}.Ad-Hoc|iPhoneSimulator.Build.0 = Release|x86
		{C4813E56-379F-4C81-BB7E-1D6D1E30276D}.Ad-Hoc|iPhoneSimulator.Deploy.0 = Release|x86
		{C4813E56-379F-4C81-BB7E-1D6D1E30276D}.Ad-Hoc|x64.ActiveCfg = Release|x64
		{C4813E56-379F-4C81-BB7E-1D6D1E30276D}.Ad-Hoc|x64.Build.0 = Release|x64
		{C4813E56-379F-4C81-BB7E-1D6D1E30276D}.Ad-Hoc|x64.Deploy.0 = Release|x64
		{C4813E56-379F-4C81-BB7E-1D6D1E30276D}.Ad-Hoc|x86.ActiveCfg = Release|x86
		{C4813E56-379F-4C81-BB7E-1D6D1E30276D}.Ad-Hoc|x86.Build.0 = Release|x86
		{C4813E56-379F-4C81-BB7E-1D6D1E30276D}.Ad-Hoc|x86.Deploy.0 = Release|x86
		{C4813E56-379F-4C81-BB7E-1D6D1E30276D}.AppStore|Any CPU.ActiveCfg = Release|x86
		{C4813E56-379F-4C81-BB7E-1D6D1E30276D}.AppStore|Any CPU.Build.0 = Release|x86
		{C4813E56-379F-4C81-BB7E-1D6D1E30276D}.AppStore|Any CPU.Deploy.0 = Release|x86
		{C4813E56-379F-4C81-BB7E-1D6D1E30276D}.AppStore|ARM.ActiveCfg = Release|ARM
		{C4813E56-379F-4C81-BB7E-1D6D1E30276D}.AppStore|ARM.Build.0 = Release|ARM
		{C4813E56-379F-4C81-BB7E-1D6D1E30276D}.AppStore|ARM.Deploy.0 = Release|ARM
		{C4813E56-379F-4C81-BB7E-1D6D1E30276D}.AppStore|iPhone.ActiveCfg = Release|x86
		{C4813E56-379F-4C81-BB7E-1D6D1E30276D}.AppStore|iPhone.Build.0 = Release|x86
		{C4813E56-379F-4C81-BB7E-1D6D1E30276D}.AppStore|iPhone.Deploy.0 = Release|x86
		{C4813E56-379F-4C81-BB7E-1D6D1E30276D}.AppStore|iPhoneSimulator.ActiveCfg = Release|x86
		{C4813E56-379F-4C81-BB7E-1D6D1E30276D}.AppStore|iPhoneSimulator.Build.0 = Release|x86
		{C4813E56-379F-4C81-BB7E-1D6D1E30276D}.AppStore|iPhoneSimulator.Deploy.0 = Release|x86
		{C4813E56-379F-4C81-BB7E-1D6D1E30276D}.AppStore|x64.ActiveCfg = Release|x64
		{C4813E56-379F-4C81-BB7E-1D6D1E30276D}.AppStore|x64.Build.0 = Release|x64
		{C4813E56-379F-4C81-BB7E-1D6D1E30276D}.AppStore|x64.Deploy.0 = Release|x64
		{C4813E56-379F-4C81-BB7E-1D6D1E30276D}.AppStore|x86.ActiveCfg = Release|x86
		{C4813E56-379F-4C81-BB7E-1D6D1E30276D}.AppStore|x86.Build.0 = Release|x86
		{C4813E56-379F-4C81-BB7E-1D6D1E30276D}.AppStore|x86.Deploy.0 = Release|x86
		{C4813E56-379F-4C81-BB7E-1D6D1E30276D}.Debug|Any CPU.ActiveCfg = Debug|x86
		{C4813E56-379F-4C81-BB7E-1D6D1E30276D}.Debug|Any CPU.Build.0 = Debug|x86
		{C4813E56-379F-4C81-BB7E-1D6D1E30276D}.Debug|Any CPU.Deploy.0 = Debug|x86
		{C4813E56-379F-4C81-BB7E-1D6D1E30276D}.Debug|ARM.ActiveCfg = Debug|ARM
		{C4813E56-379F-4C81-BB7E-1D6D1E30276D}.Debug|ARM.Build.0 = Debug|ARM
		{C4813E56-379F-4C81-BB7E-1D6D1E30276D}.Debug|ARM.Deploy.0 = Debug|ARM
		{C4813E56-379F-4C81-BB7E-1D6D1E30276D}.Debug|iPhone.ActiveCfg = Debug|x86
		{C4813E56-379F-4C81-BB7E-1D6D1E30276D}.Debug|iPhone.Build.0 = Debug|x86
		{C4813E56-379F-4C81-BB7E-1D6D1E30276D}.Debug|iPhone.Deploy.0 = Debug|x86
		{C4813E56-379F-4C81-BB7E-1D6D1E30276D}.Debug|iPhoneSimulator.ActiveCfg = Debug|x86
		{C4813E56-379F-4C81-BB7E-1D6D1E30276D}.Debug|iPhoneSimulator.Build.0 = Debug|x86
		{C4813E56-379F-4C81-BB7E-1D6D1E30276D}.Debug|iPhoneSimulator.Deploy.0 = Debug|x86
		{C4813E56-379F-4C81-BB7E-1D6D1E30276D}.Debug|x64.ActiveCfg = Debug|x64
		{C4813E56-379F-4C81-BB7E-1D6D1E30276D}.Debug|x64.Build.0 = Debug|x64
		{C4813E56-379F-4C81-BB7E-1D6D1E30276D}.Debug|x64.Deploy.0 = Debug|x64
		{C4813E56-379F-4C81-BB7E-1D6D1E30276D}.Debug|x86.ActiveCfg = Debug|x86
		{C4813E56-379F-4C81-BB7E-1D6D1E30276D}.Debug|x86.Build.0 = Debug|x86
		{C4813E56-379F-4C81-BB7E-1D6D1E30276D}.Debug|x86.Deploy.0 = Debug|x86
		{C4813E56-379F-4C81-BB7E-1D6D1E30276D}.Release|Any CPU.ActiveCfg = Release|x86
		{C4813E56-379F-4C81-BB7E-1D6D1E30276D}.Release|Any CPU.Build.0 = Release|x86
		{C4813E56-379F-4C81-BB7E-1D6D1E30276D}.Release|Any CPU.Deploy.0 = Release|x86
		{C4813E56-379F-4C81-BB7E-1D6D1E30276D}.Release|ARM.ActiveCfg = Release|ARM
		{C4813E56-379F-4C81-BB7E-1D6D1E30276D}.Release|ARM.Build.0 = Release|ARM
		{C4813E56-379F-4C81-BB7E-1D6D1E30276D}.Release|ARM.Deploy.0 = Release|ARM
		{C4813E56-379F-4C81-BB7E-1D6D1E30276D}.Release|iPhone.ActiveCfg = Release|x86
		{C4813E56-379F-4C81-BB7E-1D6D1E30276D}.Release|iPhone.Build.0 = Release|x86
		{C4813E56-379F-4C81-BB7E-1D6D1E30276D}.Release|iPhone.Deploy.0 = Release|x86
		{C4813E56-379F-4C81-BB7E-1D6D1E30276D}.Release|iPhoneSimulator.ActiveCfg = Release|x86
		{C4813E56-379F-4C81-BB7E-1D6D1E30276D}.Release|iPhoneSimulator.Build.0 = Release|x86
		{C4813E56-379F-4C81-BB7E-1D6D1E30276D}.Release|iPhoneSimulator.Deploy.0 = Release|x86
		{C4813E56-379F-4C81-BB7E-1D6D1E30276D}.Release|x64.ActiveCfg = Release|x64
		{C4813E56-379F-4C81-BB7E-1D6D1E30276D}.Release|x64.Build.0 = Release|x64
		{C4813E56-379F-4C81-BB7E-1D6D1E30276D}.Release|x64.Deploy.0 = Release|x64
		{C4813E56-379F-4C81-BB7E-1D6D1E30276D}.Release|x86.ActiveCfg = Release|x86
		{C4813E56-379F-4C81-BB7E-1D6D1E30276D}.Release|x86.Build.0 = Release|x86
		{C4813E56-379F-4C81-BB7E-1D6D1E30276D}.Release|x86.Deploy.0 = Release|x86
		{78EDBAD8-C479-497F-A39B-F8130E4FA48A}.Ad-Hoc|Any CPU.ActiveCfg = Debug|Any CPU
		{78EDBAD8-C479-497F-A39B-F8130E4FA48A}.Ad-Hoc|Any CPU.Build.0 = Debug|Any CPU
		{78EDBAD8-C479-497F-A39B-F8130E4FA48A}.Ad-Hoc|Any CPU.Deploy.0 = Debug|Any CPU
		{78EDBAD8-C479-497F-A39B-F8130E4FA48A}.Ad-Hoc|ARM.ActiveCfg = Debug|Any CPU
		{78EDBAD8-C479-497F-A39B-F8130E4FA48A}.Ad-Hoc|ARM.Build.0 = Debug|Any CPU
		{78EDBAD8-C479-497F-A39B-F8130E4FA48A}.Ad-Hoc|ARM.Deploy.0 = Debug|Any CPU
		{78EDBAD8-C479-497F-A39B-F8130E4FA48A}.Ad-Hoc|iPhone.ActiveCfg = Debug|Any CPU
		{78EDBAD8-C479-497F-A39B-F8130E4FA48A}.Ad-Hoc|iPhone.Build.0 = Debug|Any CPU
		{78EDBAD8-C479-497F-A39B-F8130E4FA48A}.Ad-Hoc|iPhone.Deploy.0 = Debug|Any CPU
		{78EDBAD8-C479-497F-A39B-F8130E4FA48A}.Ad-Hoc|iPhoneSimulator.ActiveCfg = Debug|Any CPU
		{78EDBAD8-C479-497F-A39B-F8130E4FA48A}.Ad-Hoc|iPhoneSimulator.Build.0 = Debug|Any CPU
		{78EDBAD8-C479-497F-A39B-F8130E4FA48A}.Ad-Hoc|iPhoneSimulator.Deploy.0 = Debug|Any CPU
		{78EDBAD8-C479-497F-A39B-F8130E4FA48A}.Ad-Hoc|x64.ActiveCfg = Debug|Any CPU
		{78EDBAD8-C479-497F-A39B-F8130E4FA48A}.Ad-Hoc|x64.Build.0 = Debug|Any CPU
		{78EDBAD8-C479-497F-A39B-F8130E4FA48A}.Ad-Hoc|x64.Deploy.0 = Debug|Any CPU
		{78EDBAD8-C479-497F-A39B-F8130E4FA48A}.Ad-Hoc|x86.ActiveCfg = Debug|Any CPU
		{78EDBAD8-C479-497F-A39B-F8130E4FA48A}.Ad-Hoc|x86.Build.0 = Debug|Any CPU
		{78EDBAD8-C479-497F-A39B-F8130E4FA48A}.Ad-Hoc|x86.Deploy.0 = Debug|Any CPU
		{78EDBAD8-C479-497F-A39B-F8130E4FA48A}.AppStore|Any CPU.ActiveCfg = Debug|Any CPU
		{78EDBAD8-C479-497F-A39B-F8130E4FA48A}.AppStore|Any CPU.Build.0 = Debug|Any CPU
		{78EDBAD8-C479-497F-A39B-F8130E4FA48A}.AppStore|Any CPU.Deploy.0 = Debug|Any CPU
		{78EDBAD8-C479-497F-A39B-F8130E4FA48A}.AppStore|ARM.ActiveCfg = Debug|Any CPU
		{78EDBAD8-C479-497F-A39B-F8130E4FA48A}.AppStore|ARM.Build.0 = Debug|Any CPU
		{78EDBAD8-C479-497F-A39B-F8130E4FA48A}.AppStore|ARM.Deploy.0 = Debug|Any CPU
		{78EDBAD8-C479-497F-A39B-F8130E4FA48A}.AppStore|iPhone.ActiveCfg = Debug|Any CPU
		{78EDBAD8-C479-497F-A39B-F8130E4FA48A}.AppStore|iPhone.Build.0 = Debug|Any CPU
		{78EDBAD8-C479-497F-A39B-F8130E4FA48A}.AppStore|iPhone.Deploy.0 = Debug|Any CPU
		{78EDBAD8-C479-497F-A39B-F8130E4FA48A}.AppStore|iPhoneSimulator.ActiveCfg = Debug|Any CPU
		{78EDBAD8-C479-497F-A39B-F8130E4FA48A}.AppStore|iPhoneSimulator.Build.0 = Debug|Any CPU
		{78EDBAD8-C479-497F-A39B-F8130E4FA48A}.AppStore|iPhoneSimulator.Deploy.0 = Debug|Any CPU
		{78EDBAD8-C479-497F-A39B-F8130E4FA48A}.AppStore|x64.ActiveCfg = Debug|Any CPU
		{78EDBAD8-C479-497F-A39B-F8130E4FA48A}.AppStore|x64.Build.0 = Debug|Any CPU
		{78EDBAD8-C479-497F-A39B-F8130E4FA48A}.AppStore|x64.Deploy.0 = Debug|Any CPU
		{78EDBAD8-C479-497F-A39B-F8130E4FA48A}.AppStore|x86.ActiveCfg = Debug|Any CPU
		{78EDBAD8-C479-497F-A39B-F8130E4FA48A}.AppStore|x86.Build.0 = Debug|Any CPU
		{78EDBAD8-C479-497F-A39B-F8130E4FA48A}.AppStore|x86.Deploy.0 = Debug|Any CPU
		{78EDBAD8-C479-497F-A39B-F8130E4FA48A}.Debug|Any CPU.ActiveCfg = Debug|Any CPU
		{78EDBAD8-C479-497F-A39B-F8130E4FA48A}.Debug|Any CPU.Build.0 = Debug|Any CPU
		{78EDBAD8-C479-497F-A39B-F8130E4FA48A}.Debug|Any CPU.Deploy.0 = Debug|Any CPU
		{78EDBAD8-C479-497F-A39B-F8130E4FA48A}.Debug|ARM.ActiveCfg = Debug|Any CPU
		{78EDBAD8-C479-497F-A39B-F8130E4FA48A}.Debug|ARM.Build.0 = Debug|Any CPU
		{78EDBAD8-C479-497F-A39B-F8130E4FA48A}.Debug|ARM.Deploy.0 = Debug|Any CPU
		{78EDBAD8-C479-497F-A39B-F8130E4FA48A}.Debug|iPhone.ActiveCfg = Debug|Any CPU
		{78EDBAD8-C479-497F-A39B-F8130E4FA48A}.Debug|iPhone.Build.0 = Debug|Any CPU
		{78EDBAD8-C479-497F-A39B-F8130E4FA48A}.Debug|iPhone.Deploy.0 = Debug|Any CPU
		{78EDBAD8-C479-497F-A39B-F8130E4FA48A}.Debug|iPhoneSimulator.ActiveCfg = Debug|Any CPU
		{78EDBAD8-C479-497F-A39B-F8130E4FA48A}.Debug|iPhoneSimulator.Build.0 = Debug|Any CPU
		{78EDBAD8-C479-497F-A39B-F8130E4FA48A}.Debug|iPhoneSimulator.Deploy.0 = Debug|Any CPU
		{78EDBAD8-C479-497F-A39B-F8130E4FA48A}.Debug|x64.ActiveCfg = Debug|Any CPU
		{78EDBAD8-C479-497F-A39B-F8130E4FA48A}.Debug|x64.Build.0 = Debug|Any CPU
		{78EDBAD8-C479-497F-A39B-F8130E4FA48A}.Debug|x64.Deploy.0 = Debug|Any CPU
		{78EDBAD8-C479-497F-A39B-F8130E4FA48A}.Debug|x86.ActiveCfg = Debug|Any CPU
		{78EDBAD8-C479-497F-A39B-F8130E4FA48A}.Debug|x86.Build.0 = Debug|Any CPU
		{78EDBAD8-C479-497F-A39B-F8130E4FA48A}.Debug|x86.Deploy.0 = Debug|Any CPU
		{78EDBAD8-C479-497F-A39B-F8130E4FA48A}.Release|Any CPU.ActiveCfg = Release|Any CPU
		{78EDBAD8-C479-497F-A39B-F8130E4FA48A}.Release|Any CPU.Build.0 = Release|Any CPU
		{78EDBAD8-C479-497F-A39B-F8130E4FA48A}.Release|Any CPU.Deploy.0 = Release|Any CPU
		{78EDBAD8-C479-497F-A39B-F8130E4FA48A}.Release|ARM.ActiveCfg = Release|Any CPU
		{78EDBAD8-C479-497F-A39B-F8130E4FA48A}.Release|ARM.Build.0 = Release|Any CPU
		{78EDBAD8-C479-497F-A39B-F8130E4FA48A}.Release|ARM.Deploy.0 = Release|Any CPU
		{78EDBAD8-C479-497F-A39B-F8130E4FA48A}.Release|iPhone.ActiveCfg = Release|Any CPU
		{78EDBAD8-C479-497F-A39B-F8130E4FA48A}.Release|iPhone.Build.0 = Release|Any CPU
		{78EDBAD8-C479-497F-A39B-F8130E4FA48A}.Release|iPhone.Deploy.0 = Release|Any CPU
		{78EDBAD8-C479-497F-A39B-F8130E4FA48A}.Release|iPhoneSimulator.ActiveCfg = Release|Any CPU
		{78EDBAD8-C479-497F-A39B-F8130E4FA48A}.Release|iPhoneSimulator.Build.0 = Release|Any CPU
		{78EDBAD8-C479-497F-A39B-F8130E4FA48A}.Release|iPhoneSimulator.Deploy.0 = Release|Any CPU
		{78EDBAD8-C479-497F-A39B-F8130E4FA48A}.Release|x64.ActiveCfg = Release|Any CPU
		{78EDBAD8-C479-497F-A39B-F8130E4FA48A}.Release|x64.Build.0 = Release|Any CPU
		{78EDBAD8-C479-497F-A39B-F8130E4FA48A}.Release|x64.Deploy.0 = Release|Any CPU
		{78EDBAD8-C479-497F-A39B-F8130E4FA48A}.Release|x86.ActiveCfg = Release|Any CPU
		{78EDBAD8-C479-497F-A39B-F8130E4FA48A}.Release|x86.Build.0 = Release|Any CPU
		{78EDBAD8-C479-497F-A39B-F8130E4FA48A}.Release|x86.Deploy.0 = Release|Any CPU
	EndGlobalSection
	GlobalSection(SolutionProperties) = preSolution
		HideSolutionNode = FALSE
	EndGlobalSection
	GlobalSection(ExtensibilityGlobals) = postSolution
		SolutionGuid = {1E84C028-2216-471D-B195-F2C8B9D0CC50}
	EndGlobalSection
EndGlobal
